// !$*UTF8*$!
{
	archiveVersion = 1;
	classes = {
	};
	objectVersion = 46;
	objects = {

/* Begin PBXBuildFile section */
		3D70799F18DA22E0000ED9F1 /* Foundation.framework in Frameworks */ = {isa = PBXBuildFile; fileRef = 3D70799E18DA22E0000ED9F1 /* Foundation.framework */; };
		3D7079A118DA22E0000ED9F1 /* CoreGraphics.framework in Frameworks */ = {isa = PBXBuildFile; fileRef = 3D7079A018DA22E0000ED9F1 /* CoreGraphics.framework */; };
		3D7079A318DA22E0000ED9F1 /* UIKit.framework in Frameworks */ = {isa = PBXBuildFile; fileRef = 3D7079A218DA22E0000ED9F1 /* UIKit.framework */; };
		3D7079A918DA22E0000ED9F1 /* InfoPlist.strings in Resources */ = {isa = PBXBuildFile; fileRef = 3D7079A718DA22E0000ED9F1 /* InfoPlist.strings */; };
		3D7079AB18DA22E0000ED9F1 /* main.m in Sources */ = {isa = PBXBuildFile; fileRef = 3D7079AA18DA22E0000ED9F1 /* main.m */; };
		3D7079AF18DA22E0000ED9F1 /* LibraryAppMainAppDelegate.m in Sources */ = {isa = PBXBuildFile; fileRef = 3D7079AE18DA22E0000ED9F1 /* LibraryAppMainAppDelegate.m */; };
		3D7079B218DA22E0000ED9F1 /* Main.storyboard in Resources */ = {isa = PBXBuildFile; fileRef = 3D7079B018DA22E0000ED9F1 /* Main.storyboard */; };
		3D7079B518DA22E0000ED9F1 /* LibraryAppMainViewController.m in Sources */ = {isa = PBXBuildFile; fileRef = 3D7079B418DA22E0000ED9F1 /* LibraryAppMainViewController.m */; };
		3D7079B718DA22E0000ED9F1 /* Images.xcassets in Resources */ = {isa = PBXBuildFile; fileRef = 3D7079B618DA22E0000ED9F1 /* Images.xcassets */; };
		3D7079BE18DA22E1000ED9F1 /* XCTest.framework in Frameworks */ = {isa = PBXBuildFile; fileRef = 3D7079BD18DA22E1000ED9F1 /* XCTest.framework */; };
		3D7079BF18DA22E1000ED9F1 /* Foundation.framework in Frameworks */ = {isa = PBXBuildFile; fileRef = 3D70799E18DA22E0000ED9F1 /* Foundation.framework */; };
		3D7079C018DA22E1000ED9F1 /* UIKit.framework in Frameworks */ = {isa = PBXBuildFile; fileRef = 3D7079A218DA22E0000ED9F1 /* UIKit.framework */; };
		3D7079C818DA22E1000ED9F1 /* InfoPlist.strings in Resources */ = {isa = PBXBuildFile; fileRef = 3D7079C618DA22E1000ED9F1 /* InfoPlist.strings */; };
		3D7079CA18DA22E1000ED9F1 /* Library_AppTests.m in Sources */ = {isa = PBXBuildFile; fileRef = 3D7079C918DA22E1000ED9F1 /* Library_AppTests.m */; };
		3D7079D518DA276B000ED9F1 /* LibraryViewController.m in Sources */ = {isa = PBXBuildFile; fileRef = 3D7079D418DA276B000ED9F1 /* LibraryViewController.m */; };
		3D788A1918DFA1FC00FA32A9 /* ShelfViewController.m in Sources */ = {isa = PBXBuildFile; fileRef = 3D788A1818DFA1FC00FA32A9 /* ShelfViewController.m */; };
		3DAE397618DA4FC9008F81D8 /* Book.m in Sources */ = {isa = PBXBuildFile; fileRef = 3DAE397118DA4FC9008F81D8 /* Book.m */; };
		3DAE397718DA4FC9008F81D8 /* Library.m in Sources */ = {isa = PBXBuildFile; fileRef = 3DAE397318DA4FC9008F81D8 /* Library.m */; };
		3DAE397818DA4FC9008F81D8 /* Shelf.m in Sources */ = {isa = PBXBuildFile; fileRef = 3DAE397518DA4FC9008F81D8 /* Shelf.m */; };
/* End PBXBuildFile section */

/* Begin PBXContainerItemProxy section */
		3D7079C118DA22E1000ED9F1 /* PBXContainerItemProxy */ = {
			isa = PBXContainerItemProxy;
			containerPortal = 3D70799318DA22E0000ED9F1 /* Project object */;
			proxyType = 1;
			remoteGlobalIDString = 3D70799A18DA22E0000ED9F1;
			remoteInfo = "Library App";
		};
/* End PBXContainerItemProxy section */

/* Begin PBXFileReference section */
		3D70799B18DA22E0000ED9F1 /* Library App.app */ = {isa = PBXFileReference; explicitFileType = wrapper.application; includeInIndex = 0; path = "Library App.app"; sourceTree = BUILT_PRODUCTS_DIR; };
		3D70799E18DA22E0000ED9F1 /* Foundation.framework */ = {isa = PBXFileReference; lastKnownFileType = wrapper.framework; name = Foundation.framework; path = System/Library/Frameworks/Foundation.framework; sourceTree = SDKROOT; };
		3D7079A018DA22E0000ED9F1 /* CoreGraphics.framework */ = {isa = PBXFileReference; lastKnownFileType = wrapper.framework; name = CoreGraphics.framework; path = System/Library/Frameworks/CoreGraphics.framework; sourceTree = SDKROOT; };
		3D7079A218DA22E0000ED9F1 /* UIKit.framework */ = {isa = PBXFileReference; lastKnownFileType = wrapper.framework; name = UIKit.framework; path = System/Library/Frameworks/UIKit.framework; sourceTree = SDKROOT; };
		3D7079A618DA22E0000ED9F1 /* Library App-Info.plist */ = {isa = PBXFileReference; lastKnownFileType = text.plist.xml; path = "Library App-Info.plist"; sourceTree = "<group>"; };
		3D7079A818DA22E0000ED9F1 /* en */ = {isa = PBXFileReference; lastKnownFileType = text.plist.strings; name = en; path = en.lproj/InfoPlist.strings; sourceTree = "<group>"; };
		3D7079AA18DA22E0000ED9F1 /* main.m */ = {isa = PBXFileReference; lastKnownFileType = sourcecode.c.objc; path = main.m; sourceTree = "<group>"; };
		3D7079AC18DA22E0000ED9F1 /* Library App-Prefix.pch */ = {isa = PBXFileReference; lastKnownFileType = sourcecode.c.h; path = "Library App-Prefix.pch"; sourceTree = "<group>"; };
		3D7079AD18DA22E0000ED9F1 /* LibraryAppMainAppDelegate.h */ = {isa = PBXFileReference; lastKnownFileType = sourcecode.c.h; path = LibraryAppMainAppDelegate.h; sourceTree = "<group>"; };
		3D7079AE18DA22E0000ED9F1 /* LibraryAppMainAppDelegate.m */ = {isa = PBXFileReference; lastKnownFileType = sourcecode.c.objc; path = LibraryAppMainAppDelegate.m; sourceTree = "<group>"; };
		3D7079B118DA22E0000ED9F1 /* Base */ = {isa = PBXFileReference; lastKnownFileType = file.storyboard; name = Base; path = Base.lproj/Main.storyboard; sourceTree = "<group>"; };
		3D7079B318DA22E0000ED9F1 /* LibraryAppMainViewController.h */ = {isa = PBXFileReference; lastKnownFileType = sourcecode.c.h; path = LibraryAppMainViewController.h; sourceTree = "<group>"; };
		3D7079B418DA22E0000ED9F1 /* LibraryAppMainViewController.m */ = {isa = PBXFileReference; lastKnownFileType = sourcecode.c.objc; path = LibraryAppMainViewController.m; sourceTree = "<group>"; };
		3D7079B618DA22E0000ED9F1 /* Images.xcassets */ = {isa = PBXFileReference; lastKnownFileType = folder.assetcatalog; path = Images.xcassets; sourceTree = "<group>"; };
		3D7079BC18DA22E1000ED9F1 /* Library AppTests.xctest */ = {isa = PBXFileReference; explicitFileType = wrapper.cfbundle; includeInIndex = 0; path = "Library AppTests.xctest"; sourceTree = BUILT_PRODUCTS_DIR; };
		3D7079BD18DA22E1000ED9F1 /* XCTest.framework */ = {isa = PBXFileReference; lastKnownFileType = wrapper.framework; name = XCTest.framework; path = Library/Frameworks/XCTest.framework; sourceTree = DEVELOPER_DIR; };
		3D7079C518DA22E1000ED9F1 /* Library AppTests-Info.plist */ = {isa = PBXFileReference; lastKnownFileType = text.plist.xml; path = "Library AppTests-Info.plist"; sourceTree = "<group>"; };
		3D7079C718DA22E1000ED9F1 /* en */ = {isa = PBXFileReference; lastKnownFileType = text.plist.strings; name = en; path = en.lproj/InfoPlist.strings; sourceTree = "<group>"; };
		3D7079C918DA22E1000ED9F1 /* Library_AppTests.m */ = {isa = PBXFileReference; lastKnownFileType = sourcecode.c.objc; path = Library_AppTests.m; sourceTree = "<group>"; };
		3D7079D318DA276B000ED9F1 /* LibraryViewController.h */ = {isa = PBXFileReference; fileEncoding = 4; lastKnownFileType = sourcecode.c.h; path = LibraryViewController.h; sourceTree = "<group>"; };
		3D7079D418DA276B000ED9F1 /* LibraryViewController.m */ = {isa = PBXFileReference; fileEncoding = 4; lastKnownFileType = sourcecode.c.objc; path = LibraryViewController.m; sourceTree = "<group>"; };
		3D788A1718DFA1FC00FA32A9 /* ShelfViewController.h */ = {isa = PBXFileReference; fileEncoding = 4; lastKnownFileType = sourcecode.c.h; path = ShelfViewController.h; sourceTree = "<group>"; };
		3D788A1818DFA1FC00FA32A9 /* ShelfViewController.m */ = {isa = PBXFileReference; fileEncoding = 4; lastKnownFileType = sourcecode.c.objc; path = ShelfViewController.m; sourceTree = "<group>"; };
		3DAE397018DA4FC9008F81D8 /* Book.h */ = {isa = PBXFileReference; fileEncoding = 4; lastKnownFileType = sourcecode.c.h; name = Book.h; path = "../../IOS Coding Challenge/IOS Coding Challenge/IOS Coding Challenge/Book.h"; sourceTree = "<group>"; };
		3DAE397118DA4FC9008F81D8 /* Book.m */ = {isa = PBXFileReference; fileEncoding = 4; lastKnownFileType = sourcecode.c.objc; name = Book.m; path = "../../IOS Coding Challenge/IOS Coding Challenge/IOS Coding Challenge/Book.m"; sourceTree = "<group>"; };
		3DAE397218DA4FC9008F81D8 /* Library.h */ = {isa = PBXFileReference; fileEncoding = 4; lastKnownFileType = sourcecode.c.h; name = Library.h; path = "../../IOS Coding Challenge/IOS Coding Challenge/IOS Coding Challenge/Library.h"; sourceTree = "<group>"; };
		3DAE397318DA4FC9008F81D8 /* Library.m */ = {isa = PBXFileReference; fileEncoding = 4; lastKnownFileType = sourcecode.c.objc; name = Library.m; path = "../../IOS Coding Challenge/IOS Coding Challenge/IOS Coding Challenge/Library.m"; sourceTree = "<group>"; };
		3DAE397418DA4FC9008F81D8 /* Shelf.h */ = {isa = PBXFileReference; fileEncoding = 4; lastKnownFileType = sourcecode.c.h; name = Shelf.h; path = "../../IOS Coding Challenge/IOS Coding Challenge/IOS Coding Challenge/Shelf.h"; sourceTree = "<group>"; };
		3DAE397518DA4FC9008F81D8 /* Shelf.m */ = {isa = PBXFileReference; fileEncoding = 4; lastKnownFileType = sourcecode.c.objc; name = Shelf.m; path = "../../IOS Coding Challenge/IOS Coding Challenge/IOS Coding Challenge/Shelf.m"; sourceTree = "<group>"; };
/* End PBXFileReference section */

/* Begin PBXFrameworksBuildPhase section */
		3D70799818DA22E0000ED9F1 /* Frameworks */ = {
			isa = PBXFrameworksBuildPhase;
			buildActionMask = 2147483647;
			files = (
				3D7079A118DA22E0000ED9F1 /* CoreGraphics.framework in Frameworks */,
				3D7079A318DA22E0000ED9F1 /* UIKit.framework in Frameworks */,
				3D70799F18DA22E0000ED9F1 /* Foundation.framework in Frameworks */,
			);
			runOnlyForDeploymentPostprocessing = 0;
		};
		3D7079B918DA22E1000ED9F1 /* Frameworks */ = {
			isa = PBXFrameworksBuildPhase;
			buildActionMask = 2147483647;
			files = (
				3D7079BE18DA22E1000ED9F1 /* XCTest.framework in Frameworks */,
				3D7079C018DA22E1000ED9F1 /* UIKit.framework in Frameworks */,
				3D7079BF18DA22E1000ED9F1 /* Foundation.framework in Frameworks */,
			);
			runOnlyForDeploymentPostprocessing = 0;
		};
/* End PBXFrameworksBuildPhase section */

/* Begin PBXGroup section */
		3D70799218DA22E0000ED9F1 = {
			isa = PBXGroup;
			children = (
				3D7079A418DA22E0000ED9F1 /* Library App */,
				3D7079C318DA22E1000ED9F1 /* Library AppTests */,
				3D70799D18DA22E0000ED9F1 /* Frameworks */,
				3D70799C18DA22E0000ED9F1 /* Products */,
			);
			sourceTree = "<group>";
		};
		3D70799C18DA22E0000ED9F1 /* Products */ = {
			isa = PBXGroup;
			children = (
				3D70799B18DA22E0000ED9F1 /* Library App.app */,
				3D7079BC18DA22E1000ED9F1 /* Library AppTests.xctest */,
			);
			name = Products;
			sourceTree = "<group>";
		};
		3D70799D18DA22E0000ED9F1 /* Frameworks */ = {
			isa = PBXGroup;
			children = (
				3D70799E18DA22E0000ED9F1 /* Foundation.framework */,
				3D7079A018DA22E0000ED9F1 /* CoreGraphics.framework */,
				3D7079A218DA22E0000ED9F1 /* UIKit.framework */,
				3D7079BD18DA22E1000ED9F1 /* XCTest.framework */,
			);
			name = Frameworks;
			sourceTree = "<group>";
		};
		3D7079A418DA22E0000ED9F1 /* Library App */ = {
			isa = PBXGroup;
			children = (
				3D7079AD18DA22E0000ED9F1 /* LibraryAppMainAppDelegate.h */,
				3D7079AE18DA22E0000ED9F1 /* LibraryAppMainAppDelegate.m */,
				3D7079B018DA22E0000ED9F1 /* Main.storyboard */,
				3D7079B318DA22E0000ED9F1 /* LibraryAppMainViewController.h */,
				3D7079B418DA22E0000ED9F1 /* LibraryAppMainViewController.m */,
				3D7079D318DA276B000ED9F1 /* LibraryViewController.h */,
				3D7079D418DA276B000ED9F1 /* LibraryViewController.m */,
				3D788A1718DFA1FC00FA32A9 /* ShelfViewController.h */,
				3D788A1818DFA1FC00FA32A9 /* ShelfViewController.m */,
				3DAE397218DA4FC9008F81D8 /* Library.h */,
				3DAE397318DA4FC9008F81D8 /* Library.m */,
				3DAE397418DA4FC9008F81D8 /* Shelf.h */,
				3DAE397518DA4FC9008F81D8 /* Shelf.m */,
				3DAE397018DA4FC9008F81D8 /* Book.h */,
				3DAE397118DA4FC9008F81D8 /* Book.m */,
				3D7079B618DA22E0000ED9F1 /* Images.xcassets */,
				3D7079A518DA22E0000ED9F1 /* Supporting Files */,
			);
			path = "Library App";
			sourceTree = "<group>";
		};
		3D7079A518DA22E0000ED9F1 /* Supporting Files */ = {
			isa = PBXGroup;
			children = (
				3D7079A618DA22E0000ED9F1 /* Library App-Info.plist */,
				3D7079A718DA22E0000ED9F1 /* InfoPlist.strings */,
				3D7079AA18DA22E0000ED9F1 /* main.m */,
				3D7079AC18DA22E0000ED9F1 /* Library App-Prefix.pch */,
			);
			name = "Supporting Files";
			sourceTree = "<group>";
		};
		3D7079C318DA22E1000ED9F1 /* Library AppTests */ = {
			isa = PBXGroup;
			children = (
				3D7079C918DA22E1000ED9F1 /* Library_AppTests.m */,
				3D7079C418DA22E1000ED9F1 /* Supporting Files */,
			);
			path = "Library AppTests";
			sourceTree = "<group>";
		};
		3D7079C418DA22E1000ED9F1 /* Supporting Files */ = {
			isa = PBXGroup;
			children = (
				3D7079C518DA22E1000ED9F1 /* Library AppTests-Info.plist */,
				3D7079C618DA22E1000ED9F1 /* InfoPlist.strings */,
			);
			name = "Supporting Files";
			sourceTree = "<group>";
		};
/* End PBXGroup section */

/* Begin PBXNativeTarget section */
		3D70799A18DA22E0000ED9F1 /* Library App */ = {
			isa = PBXNativeTarget;
			buildConfigurationList = 3D7079CD18DA22E1000ED9F1 /* Build configuration list for PBXNativeTarget "Library App" */;
			buildPhases = (
				3D70799718DA22E0000ED9F1 /* Sources */,
				3D70799818DA22E0000ED9F1 /* Frameworks */,
				3D70799918DA22E0000ED9F1 /* Resources */,
			);
			buildRules = (
			);
			dependencies = (
			);
			name = "Library App";
			productName = "Library App";
			productReference = 3D70799B18DA22E0000ED9F1 /* Library App.app */;
			productType = "com.apple.product-type.application";
		};
		3D7079BB18DA22E1000ED9F1 /* Library AppTests */ = {
			isa = PBXNativeTarget;
			buildConfigurationList = 3D7079D018DA22E1000ED9F1 /* Build configuration list for PBXNativeTarget "Library AppTests" */;
			buildPhases = (
				3D7079B818DA22E1000ED9F1 /* Sources */,
				3D7079B918DA22E1000ED9F1 /* Frameworks */,
				3D7079BA18DA22E1000ED9F1 /* Resources */,
			);
			buildRules = (
			);
			dependencies = (
				3D7079C218DA22E1000ED9F1 /* PBXTargetDependency */,
			);
			name = "Library AppTests";
			productName = "Library AppTests";
			productReference = 3D7079BC18DA22E1000ED9F1 /* Library AppTests.xctest */;
			productType = "com.apple.product-type.bundle.unit-test";
		};
/* End PBXNativeTarget section */

/* Begin PBXProject section */
		3D70799318DA22E0000ED9F1 /* Project object */ = {
			isa = PBXProject;
			attributes = {
				CLASSPREFIX = LibraryAppMain;
				LastUpgradeCheck = 0510;
				ORGANIZATIONNAME = "Cole Bratcher";
				TargetAttributes = {
					3D7079BB18DA22E1000ED9F1 = {
						TestTargetID = 3D70799A18DA22E0000ED9F1;
					};
				};
			};
			buildConfigurationList = 3D70799618DA22E0000ED9F1 /* Build configuration list for PBXProject "Library App" */;
			compatibilityVersion = "Xcode 3.2";
			developmentRegion = English;
			hasScannedForEncodings = 0;
			knownRegions = (
				en,
				Base,
			);
			mainGroup = 3D70799218DA22E0000ED9F1;
			productRefGroup = 3D70799C18DA22E0000ED9F1 /* Products */;
			projectDirPath = "";
			projectRoot = "";
			targets = (
				3D70799A18DA22E0000ED9F1 /* Library App */,
				3D7079BB18DA22E1000ED9F1 /* Library AppTests */,
			);
		};
/* End PBXProject section */

/* Begin PBXResourcesBuildPhase section */
		3D70799918DA22E0000ED9F1 /* Resources */ = {
			isa = PBXResourcesBuildPhase;
			buildActionMask = 2147483647;
			files = (
				3D7079B718DA22E0000ED9F1 /* Images.xcassets in Resources */,
				3D7079A918DA22E0000ED9F1 /* InfoPlist.strings in Resources */,
				3D7079B218DA22E0000ED9F1 /* Main.storyboard in Resources */,
			);
			runOnlyForDeploymentPostprocessing = 0;
		};
		3D7079BA18DA22E1000ED9F1 /* Resources */ = {
			isa = PBXResourcesBuildPhase;
			buildActionMask = 2147483647;
			files = (
				3D7079C818DA22E1000ED9F1 /* InfoPlist.strings in Resources */,
			);
			runOnlyForDeploymentPostprocessing = 0;
		};
/* End PBXResourcesBuildPhase section */

/* Begin PBXSourcesBuildPhase section */
		3D70799718DA22E0000ED9F1 /* Sources */ = {
			isa = PBXSourcesBuildPhase;
			buildActionMask = 2147483647;
			files = (
				3DAE397618DA4FC9008F81D8 /* Book.m in Sources */,
				3D788A1918DFA1FC00FA32A9 /* ShelfViewController.m in Sources */,
				3D7079AB18DA22E0000ED9F1 /* main.m in Sources */,
				3D7079AF18DA22E0000ED9F1 /* LibraryAppMainAppDelegate.m in Sources */,
				3DAE397718DA4FC9008F81D8 /* Library.m in Sources */,
				3D7079D518DA276B000ED9F1 /* LibraryViewController.m in Sources */,
				3DAE397818DA4FC9008F81D8 /* Shelf.m in Sources */,
				3D7079B518DA22E0000ED9F1 /* LibraryAppMainViewController.m in Sources */,
			);
			runOnlyForDeploymentPostprocessing = 0;
		};
		3D7079B818DA22E1000ED9F1 /* Sources */ = {
			isa = PBXSourcesBuildPhase;
			buildActionMask = 2147483647;
			files = (
				3D7079CA18DA22E1000ED9F1 /* Library_AppTests.m in Sources */,
			);
			runOnlyForDeploymentPostprocessing = 0;
		};
/* End PBXSourcesBuildPhase section */

/* Begin PBXTargetDependency section */
		3D7079C218DA22E1000ED9F1 /* PBXTargetDependency */ = {
			isa = PBXTargetDependency;
			target = 3D70799A18DA22E0000ED9F1 /* Library App */;
			targetProxy = 3D7079C118DA22E1000ED9F1 /* PBXContainerItemProxy */;
		};
/* End PBXTargetDependency section */

/* Begin PBXVariantGroup section */
		3D7079A718DA22E0000ED9F1 /* InfoPlist.strings */ = {
			isa = PBXVariantGroup;
			children = (
				3D7079A818DA22E0000ED9F1 /* en */,
			);
			name = InfoPlist.strings;
			sourceTree = "<group>";
		};
		3D7079B018DA22E0000ED9F1 /* Main.storyboard */ = {
			isa = PBXVariantGroup;
			children = (
				3D7079B118DA22E0000ED9F1 /* Base */,
			);
			name = Main.storyboard;
			sourceTree = "<group>";
		};
		3D7079C618DA22E1000ED9F1 /* InfoPlist.strings */ = {
			isa = PBXVariantGroup;
			children = (
				3D7079C718DA22E1000ED9F1 /* en */,
			);
			name = InfoPlist.strings;
			sourceTree = "<group>";
		};
/* End PBXVariantGroup section */

/* Begin XCBuildConfiguration section */
		3D7079CB18DA22E1000ED9F1 /* Debug */ = {
			isa = XCBuildConfiguration;
			buildSettings = {
				ALWAYS_SEARCH_USER_PATHS = NO;
				CLANG_CXX_LANGUAGE_STANDARD = "gnu++0x";
				CLANG_CXX_LIBRARY = "libc++";
				CLANG_ENABLE_MODULES = YES;
				CLANG_ENABLE_OBJC_ARC = YES;
				CLANG_WARN_BOOL_CONVERSION = YES;
				CLANG_WARN_CONSTANT_CONVERSION = YES;
				CLANG_WARN_DIRECT_OBJC_ISA_USAGE = YES_ERROR;
				CLANG_WARN_EMPTY_BODY = YES;
				CLANG_WARN_ENUM_CONVERSION = YES;
				CLANG_WARN_INT_CONVERSION = YES;
				CLANG_WARN_OBJC_ROOT_CLASS = YES_ERROR;
				CLANG_WARN__DUPLICATE_METHOD_MATCH = YES;
				"CODE_SIGN_IDENTITY[sdk=iphoneos*]" = "iPhone Developer";
				COPY_PHASE_STRIP = NO;
				GCC_C_LANGUAGE_STANDARD = gnu99;
				GCC_DYNAMIC_NO_PIC = NO;
				GCC_OPTIMIZATION_LEVEL = 0;
				GCC_PREPROCESSOR_DEFINITIONS = (
					"DEBUG=1",
					"$(inherited)",
				);
				GCC_SYMBOLS_PRIVATE_EXTERN = NO;
				GCC_WARN_64_TO_32_BIT_CONVERSION = YES;
				GCC_WARN_ABOUT_RETURN_TYPE = YES_ERROR;
				GCC_WARN_UNDECLARED_SELECTOR = YES;
				GCC_WARN_UNINITIALIZED_AUTOS = YES_AGGRESSIVE;
				GCC_WARN_UNUSED_FUNCTION = YES;
				GCC_WARN_UNUSED_VARIABLE = YES;
				IPHONEOS_DEPLOYMENT_TARGET = 7.1;
				ONLY_ACTIVE_ARCH = YES;
				SDKROOT = iphoneos;
			};
			name = Debug;
		};
		3D7079CC18DA22E1000ED9F1 /* Release */ = {
			isa = XCBuildConfiguration;
			buildSettings = {
				ALWAYS_SEARCH_USER_PATHS = NO;
				CLANG_CXX_LANGUAGE_STANDARD = "gnu++0x";
				CLANG_CXX_LIBRARY = "libc++";
				CLANG_ENABLE_MODULES = YES;
				CLANG_ENABLE_OBJC_ARC = YES;
				CLANG_WARN_BOOL_CONVERSION = YES;
				CLANG_WARN_CONSTANT_CONVERSION = YES;
				CLANG_WARN_DIRECT_OBJC_ISA_USAGE = YES_ERROR;
				CLANG_WARN_EMPTY_BODY = YES;
				CLANG_WARN_ENUM_CONVERSION = YES;
				CLANG_WARN_INT_CONVERSION = YES;
				CLANG_WARN_OBJC_ROOT_CLASS = YES_ERROR;
				CLANG_WARN__DUPLICATE_METHOD_MATCH = YES;
				"CODE_SIGN_IDENTITY[sdk=iphoneos*]" = "iPhone Developer";
				COPY_PHASE_STRIP = YES;
				ENABLE_NS_ASSERTIONS = NO;
				GCC_C_LANGUAGE_STANDARD = gnu99;
				GCC_WARN_64_TO_32_BIT_CONVERSION = YES;
				GCC_WARN_ABOUT_RETURN_TYPE = YES_ERROR;
				GCC_WARN_UNDECLARED_SELECTOR = YES;
				GCC_WARN_UNINITIALIZED_AUTOS = YES_AGGRESSIVE;
				GCC_WARN_UNUSED_FUNCTION = YES;
				GCC_WARN_UNUSED_VARIABLE = YES;
				IPHONEOS_DEPLOYMENT_TARGET = 7.1;
				SDKROOT = iphoneos;
				VALIDATE_PRODUCT = YES;
			};
			name = Release;
		};
		3D7079CE18DA22E1000ED9F1 /* Debug */ = {
			isa = XCBuildConfiguration;
			buildSettings = {
				ASSETCATALOG_COMPILER_APPICON_NAME = AppIcon;
				ASSETCATALOG_COMPILER_LAUNCHIMAGE_NAME = LaunchImage;
				GCC_PRECOMPILE_PREFIX_HEADER = YES;
				GCC_PREFIX_HEADER = "Library App/Library App-Prefix.pch";
				INFOPLIST_FILE = "Library App/Library App-Info.plist";
				PRODUCT_NAME = "$(TARGET_NAME)";
				WRAPPER_EXTENSION = app;
			};
			name = Debug;
		};
		3D7079CF18DA22E1000ED9F1 /* Release */ = {
			isa = XCBuildConfiguration;
			buildSettings = {
				ASSETCATALOG_COMPILER_APPICON_NAME = AppIcon;
				ASSETCATALOG_COMPILER_LAUNCHIMAGE_NAME = LaunchImage;
				GCC_PRECOMPILE_PREFIX_HEADER = YES;
				GCC_PREFIX_HEADER = "Library App/Library App-Prefix.pch";
				INFOPLIST_FILE = "Library App/Library App-Info.plist";
				PRODUCT_NAME = "$(TARGET_NAME)";
				WRAPPER_EXTENSION = app;
			};
			name = Release;
		};
		3D7079D118DA22E1000ED9F1 /* Debug */ = {
			isa = XCBuildConfiguration;
			buildSettings = {
				BUNDLE_LOADER = "$(BUILT_PRODUCTS_DIR)/Library App.app/Library App";
				FRAMEWORK_SEARCH_PATHS = (
					"$(SDKROOT)/Developer/Library/Frameworks",
					"$(inherited)",
					"$(DEVELOPER_FRAMEWORKS_DIR)",
				);
				GCC_PRECOMPILE_PREFIX_HEADER = YES;
				GCC_PREFIX_HEADER = "Library App/Library App-Prefix.pch";
				GCC_PREPROCESSOR_DEFINITIONS = (
					"DEBUG=1",
					"$(inherited)",
				);
				INFOPLIST_FILE = "Library AppTests/Library AppTests-Info.plist";
				PRODUCT_NAME = "$(TARGET_NAME)";
				TEST_HOST = "$(BUNDLE_LOADER)";
				WRAPPER_EXTENSION = xctest;
			};
			name = Debug;
		};
		3D7079D218DA22E1000ED9F1 /* Release */ = {
			isa = XCBuildConfiguration;
			buildSettings = {
				BUNDLE_LOADER = "$(BUILT_PRODUCTS_DIR)/Library App.app/Library App";
				FRAMEWORK_SEARCH_PATHS = (
					"$(SDKROOT)/Developer/Library/Frameworks",
					"$(inherited)",
					"$(DEVELOPER_FRAMEWORKS_DIR)",
				);
				GCC_PRECOMPILE_PREFIX_HEADER = YES;
				GCC_PREFIX_HEADER = "Library App/Library App-Prefix.pch";
				INFOPLIST_FILE = "Library AppTests/Library AppTests-Info.plist";
				PRODUCT_NAME = "$(TARGET_NAME)";
				TEST_HOST = "$(BUNDLE_LOADER)";
				WRAPPER_EXTENSION = xctest;
			};
			name = Release;
		};
/* End XCBuildConfiguration section */

/* Begin XCConfigurationList section */
		3D70799618DA22E0000ED9F1 /* Build configuration list for PBXProject "Library App" */ = {
			isa = XCConfigurationList;
			buildConfigurations = (
				3D7079CB18DA22E1000ED9F1 /* Debug */,
				3D7079CC18DA22E1000ED9F1 /* Release */,
			);
			defaultConfigurationIsVisible = 0;
			defaultConfigurationName = Release;
		};
		3D7079CD18DA22E1000ED9F1 /* Build configuration list for PBXNativeTarget "Library App" */ = {
			isa = XCConfigurationList;
			buildConfigurations = (
				3D7079CE18DA22E1000ED9F1 /* Debug */,
				3D7079CF18DA22E1000ED9F1 /* Release */,
			);
			defaultConfigurationIsVisible = 0;
			defaultConfigurationName = Release;
		};
		3D7079D018DA22E1000ED9F1 /* Build configuration list for PBXNativeTarget "Library AppTests" */ = {
			isa = XCConfigurationList;
			buildConfigurations = (
				3D7079D118DA22E1000ED9F1 /* Debug */,
				3D7079D218DA22E1000ED9F1 /* Release */,
			);
			defaultConfigurationIsVisible = 0;
			defaultConfigurationName = Release;
		};
/* End XCConfigurationList section */
	};
	rootObject = 3D70799318DA22E0000ED9F1 /* Project object */;
}
